{
  "nodes": {
    "bun2nix": {
      "inputs": {
        "flake-parts": [
          "llm-agents",
          "flake-parts"
        ],
        "nixpkgs": [
          "llm-agents",
          "nixpkgs"
        ],
        "systems": [
          "llm-agents",
          "systems"
        ],
        "treefmt-nix": [
          "llm-agents",
          "treefmt-nix"
        ]
      },
      "locked": {
        "lastModified": 1788011267,
        "narHash": "sha256-mEq2kU+ljompTToZ44Afvm7d/rHJ5iMBl0tjZuyShJs=",
        "owner": "Mic92",
        "repo": "bun2nix",
        "rev": "5765b0614591f75ee8ba5596e81ae85c167d1071",
        "type": "github"
      },
      "original": {
        "owner": "Mic92",
        "ref": "fix-structured-attrs-hook",
        "repo": "bun2nix",
        "type": "github"
      }
    },
    "flake-parts": {
      "inputs": {
        "nixpkgs-lib": [
          "llm-agents",
          "nixpkgs"
        ]
      },
      "locked": {
        "lastModified": 1788450739,
        "narHash": "sha256-glZLQlzIn1fXH6PazR2iUmTo7kzzyYSshrWhLS9TqCU=",
        "owner": "hercules-ci",
        "repo": "flake-parts",
        "rev": "31729ca8cbdb4fa927b34e5f4353e6a83f39e993",
        "type": "github"
      },
      "original": {
        "owner": "hercules-ci",
        "repo": "flake-parts",
        "type": "github"
      }
    },
    "grok-build": {
      "inputs": {
        "nix-rust-prebuilt": "nix-rust-prebuilt",
        "nixpkgs": [
          "nixpkgs"
        ]
      },
      "locked": {
        "lastModified": 1788316217,
        "narHash": "sha256-twv1hYFO4nD/q7IK31tu5V5vPwMf/uceicXh9KNSPqw=",
        "owner": "yangtau",
        "repo": "grok-build",
        "rev": "b03c13058eb038c96a7d27367b09db1969941d6d",
        "type": "github"
      },
      "original": {
        "owner": "yangtau",
        "repo": "grok-build",
        "type": "github"
      }
    },
    "gw": {
      "inputs": {
        "nix-rust-prebuilt": "nix-rust-prebuilt_2",
        "nixpkgs": [
          "nixpkgs"
        ]
      },
      "locked": {
        "lastModified": 1788338271,
        "narHash": "sha256-RUMjJEpNCriuuww+jO55K1OOijzYQdiBlZ2iw+EnlBY=",
        "owner": "yangtau",
        "repo": "gw",
        "rev": "24c7ef3af91760fa02fc4be17fd06313f0fa6446",
        "type": "github"
      },
      "original": {
        "owner": "yangtau",
        "repo": "gw",
        "type": "github"
      }
    },
    "home-manager": {
      "inputs": {
        "nixpkgs": [
          "nixpkgs"
        ]
      },
      "locked": {
        "lastModified": 1788620682,
        "narHash": "sha256-qdXXcNrxlA35KvMH8yxlQen3pyJnV7yMDbv1QOOIOBQ=",
        "owner": "nix-community",
        "repo": "home-manager",
        "rev": "8381f3481e4424ea0b53c9e7469c14da799d5822",
        "type": "github"
      },
      "original": {
        "owner": "nix-community",
        "repo": "home-manager",
        "type": "github"
      }
    },
    "llm-agents": {
      "inputs": {
        "bun2nix": "bun2nix",
        "flake-parts": "flake-parts",
        "nixpkgs": "nixpkgs",
        "systems": "systems",
        "treefmt-nix": "treefmt-nix"
      },
      "locked": {
        "lastModified": 1788607843,
        "narHash": "sha256-J8TPHUiEY/EmxBTKD4KGX9nunyD8dXq83//p/9QPNaM=",
        "owner": "numtide",
        "repo": "llm-agents.nix",
        "rev": "896d09ccef580902e01e716e6f4646421087c252",
        "type": "github"
      },
      "original": {
        "owner": "numtide",
        "repo": "llm-agents.nix",
        "type": "github"
      }
    },
    "nix-darwin": {
      "inputs": {
        "nixpkgs": [
          "nixpkgs"
        ]
      },
      "locked": {
        "lastModified": 1786845137,
        "narHash": "sha256-oQFip+v0luP8NIxJzmiW4Wu8bILsbFWom5l0zonl8hQ=",
        "owner": "LnL7",
        "repo": "nix-darwin",
        "rev": "4cff07de74b50e64bdd68cd4e722ab5b6b35ee48",
        "type": "github"
      },
      "original": {
        "owner": "LnL7",
        "repo": "nix-darwin",
        "type": "github"
      }
    },
    "nix-rust-prebuilt": {
      "locked": {
        "lastModified": 1788195631,
        "narHash": "sha256-QjnIfWrBpCH3Wjd5HUPQoYofj4V29oDCWGm02Uq7HuY=",
        "owner": "yangtau",
        "repo": "nix-rust-prebuilt",
        "rev": "ad6efa8679f18950d1f8ae56a73590b6182523fe",
        "type": "github"
      },
      "original": {
        "owner": "yangtau",
        "repo": "nix-rust-prebuilt",
        "type": "github"
      }
    },
    "nix-rust-prebuilt_2": {
      "locked": {
        "lastModified": 1788195631,
        "narHash": "sha256-QjnIfWrBpCH3Wjd5HUPQoYofj4V29oDCWGm02Uq7HuY=",
        "owner": "yangtau",
        "repo": "nix-rust-prebuilt",
        "rev": "ad6efa8679f18950d1f8ae56a73590b6182523fe",
        "type": "github"
      },
      "original": {
        "owner": "yangtau",
        "repo": "nix-rust-prebuilt",
        "type": "github"
      }
    },
    "nix-rust-prebuilt_3": {
      "locked": {
        "lastModified": 1786970574,
        "narHash": "sha256-WyMev0ZkZXZp6yToFu3RkyhcDaq+6pmb/PRe/wcP2/U=",
        "owner": "yangtau",
        "repo": "nix-rust-prebuilt",
        "rev": "3719898054bdfc253859b16c063a80f933683c89",
        "type": "github"
      },
      "original": {
        "owner": "yangtau",
        "repo": "nix-rust-prebuilt",
        "type": "github"
      }
    },
    "nixpkgs": {
      "locked": {
        "lastModified": 1788400875,
        "narHash": "sha256-JIHQ6xNAN53cdo6zZ72LRcQ9lpvnABCnNE4hldJ5uZU=",
        "owner": "NixOS",
        "repo": "nixpkgs",
        "rev": "5545adfad2e98de106a5544ca7067e03010410bd",
        "type": "github"
      },
      "original": {
        "owner": "NixOS",
        "ref": "nixpkgs-unstable",
        "repo": "nixpkgs",
        "type": "github"
      }
    },
    "nixpkgs_2": {
      "locked": {
        "lastModified": 1788531059,
        "narHash": "sha256-hLD4l3QOGBQhkVp3mQ2lJ/YbEi99qUgKapb40KovZ88=",
        "owner": "NixOS",
        "repo": "nixpkgs",
        "rev": "801bef6abd86b91e51083066b83fb354a11fc640",
        "type": "github"
      },
      "original": {
        "owner": "NixOS",
        "ref": "nixos-unstable",
        "repo": "nixpkgs",
        "type": "github"
      }
    },
    "root": {
      "inputs": {
        "grok-build": "grok-build",
        "gw": "gw",
        "home-manager": "home-manager",
        "llm-agents": "llm-agents",
        "nix-darwin": "nix-darwin",
        "nixpkgs": "nixpkgs_2",
        "shpell": "shpell"
      }
    },
    "shpell": {
      "inputs": {
        "nix-rust-prebuilt": "nix-rust-prebuilt_3",
        "nixpkgs": [
          "nixpkgs"
        ]
      },
      "locked": {
        "lastModified": 1787221512,
        "narHash": "sha256-OvS04QOYmJ25nE15Y0dsD9YrWP9R0sfoyOu+eWa8pL0=",
        "owner": "yangtau",
        "repo": "shpell",
        "rev": "2d7c51ede84aced9e949b557dd6e43e4b8b4534f",
        "type": "github"
      },
      "original": {
        "owner": "yangtau",
        "repo": "shpell",
        "type": "github"
      }
    },
    "systems": {
      "locked": {
        "lastModified": 1681028828,
        "narHash": "sha256-Vy1rq5AaRuLzOxct8nz4T6wlgyUR7zLU309k9mBC768=",
        "owner": "nix-systems",
        "repo": "default",
        "rev": "da67096a3b9bf56a91d16901293e51ba5b49a27e",
        "type": "github"
      },
      "original": {
        "owner": "nix-systems",
        "repo": "default",
        "type": "github"
      }
    },
    "treefmt-nix": {
      "inputs": {
        "nixpkgs": [
          "llm-agents",
          "nixpkgs"
        ]
      },
      "locked": {
        "lastModified": 1786901030,
        "narHash": "sha256-WSFCsDSE5ffgD2MqzkM2CYjeFiKhRF/dJUN8uedb6YE=",
        "owner": "numtide",
        "repo": "treefmt-nix",
        "rev": "27b3b12a8e6375f28ebe122f07d230ca5459bbfa",
        "type": "github"
      },
      "original": {
        "owner": "numtide",
        "repo": "treefmt-nix",
        "type": "github"
      }
    }
  },
  "root": "root",
  "version": 7
}
