{
  "nodes": {
    "bun2nix": {
      "inputs": {
        "flake-parts": [
          "llm-agents",
          "flake-parts"
        ],
        "nixpkgs": [
          "llm-agents",
          "nixpkgs"
        ],
        "systems": [
          "llm-agents",
          "systems"
        ],
        "treefmt-nix": [
          "llm-agents",
          "treefmt-nix"
        ]
      },
      "locked": {
        "lastModified": 1784665499,
        "narHash": "sha256-9BMxlTxCCDAeoNLtb1a/st7udtTIJep+wpUzquA29VU=",
        "owner": "nix-community",
        "repo": "bun2nix",
        "rev": "0f2a1f0b6f42cebe3b149bf62d38754c5e0e9729",
        "type": "github"
      },
      "original": {
        "owner": "nix-community",
        "repo": "bun2nix",
        "type": "github"
      }
    },
    "flake-parts": {
      "inputs": {
        "nixpkgs-lib": [
          "llm-agents",
          "nixpkgs"
        ]
      },
      "locked": {
        "lastModified": 1785627969,
        "narHash": "sha256-4dtXQk/NMePegK/nWp5NSeuZKLATItOq61lpEvmXqGw=",
        "owner": "hercules-ci",
        "repo": "flake-parts",
        "rev": "427bf4bd9435fdf21321c8cc628c24efc14c0f7a",
        "type": "github"
      },
      "original": {
        "owner": "hercules-ci",
        "repo": "flake-parts",
        "type": "github"
      }
    },
    "grok-build": {
      "inputs": {
        "nix-rust-prebuilt": "nix-rust-prebuilt",
        "nixpkgs": [
          "nixpkgs"
        ]
      },
      "locked": {
        "lastModified": 1787488907,
        "narHash": "sha256-0V4zBMn35lNSVkPacglJUKcwpKQDdUH5KUbZTNl5c/w=",
        "owner": "yangtau",
        "repo": "grok-build",
        "rev": "82734946ad3fd6672b4308b5c5dab44a6e372a10",
        "type": "github"
      },
      "original": {
        "owner": "yangtau",
        "repo": "grok-build",
        "type": "github"
      }
    },
    "gw": {
      "inputs": {
        "nix-rust-prebuilt": "nix-rust-prebuilt_2",
        "nixpkgs": [
          "nixpkgs"
        ]
      },
      "locked": {
        "lastModified": 1786970758,
        "narHash": "sha256-Ks5+mdfCdNx58I1s9QS4MXWgZutF3xqZDIE0oTXH5DM=",
        "owner": "yangtau",
        "repo": "gw",
        "rev": "aee7ffc384f45255aec4ba706d1da07f37b590a3",
        "type": "github"
      },
      "original": {
        "owner": "yangtau",
        "repo": "gw",
        "type": "github"
      }
    },
    "home-manager": {
      "inputs": {
        "nixpkgs": [
          "nixpkgs"
        ]
      },
      "locked": {
        "lastModified": 1787487906,
        "narHash": "sha256-zIdM+8teujHm5hc5MIPDnV7k2UeOOT/pFyFtWjOCwsY=",
        "owner": "nix-community",
        "repo": "home-manager",
        "rev": "cfba7ad5886b342b8dd63ba74354b3853ea4cfc9",
        "type": "github"
      },
      "original": {
        "owner": "nix-community",
        "repo": "home-manager",
        "type": "github"
      }
    },
    "llm-agents": {
      "inputs": {
        "bun2nix": "bun2nix",
        "flake-parts": "flake-parts",
        "nixpkgs": "nixpkgs",
        "systems": "systems",
        "treefmt-nix": "treefmt-nix"
      },
      "locked": {
        "lastModified": 1787462289,
        "narHash": "sha256-JzRwvboh8r37Coj6UhtnDiL0LIdPyz3+0zknDqS1zi0=",
        "owner": "numtide",
        "repo": "llm-agents.nix",
        "rev": "5fae6955fa522382e640b65876fb2f456059f4c2",
        "type": "github"
      },
      "original": {
        "owner": "numtide",
        "repo": "llm-agents.nix",
        "type": "github"
      }
    },
    "nix-darwin": {
      "inputs": {
        "nixpkgs": [
          "nixpkgs"
        ]
      },
      "locked": {
        "lastModified": 1786845137,
        "narHash": "sha256-oQFip+v0luP8NIxJzmiW4Wu8bILsbFWom5l0zonl8hQ=",
        "owner": "LnL7",
        "repo": "nix-darwin",
        "rev": "4cff07de74b50e64bdd68cd4e722ab5b6b35ee48",
        "type": "github"
      },
      "original": {
        "owner": "LnL7",
        "repo": "nix-darwin",
        "type": "github"
      }
    },
    "nix-rust-prebuilt": {
      "locked": {
        "lastModified": 1786970574,
        "narHash": "sha256-WyMev0ZkZXZp6yToFu3RkyhcDaq+6pmb/PRe/wcP2/U=",
        "owner": "yangtau",
        "repo": "nix-rust-prebuilt",
        "rev": "3719898054bdfc253859b16c063a80f933683c89",
        "type": "github"
      },
      "original": {
        "owner": "yangtau",
        "repo": "nix-rust-prebuilt",
        "type": "github"
      }
    },
    "nix-rust-prebuilt_2": {
      "locked": {
        "lastModified": 1786970574,
        "narHash": "sha256-WyMev0ZkZXZp6yToFu3RkyhcDaq+6pmb/PRe/wcP2/U=",
        "owner": "yangtau",
        "repo": "nix-rust-prebuilt",
        "rev": "3719898054bdfc253859b16c063a80f933683c89",
        "type": "github"
      },
      "original": {
        "owner": "yangtau",
        "repo": "nix-rust-prebuilt",
        "type": "github"
      }
    },
    "nix-rust-prebuilt_3": {
      "locked": {
        "lastModified": 1786970574,
        "narHash": "sha256-WyMev0ZkZXZp6yToFu3RkyhcDaq+6pmb/PRe/wcP2/U=",
        "owner": "yangtau",
        "repo": "nix-rust-prebuilt",
        "rev": "3719898054bdfc253859b16c063a80f933683c89",
        "type": "github"
      },
      "original": {
        "owner": "yangtau",
        "repo": "nix-rust-prebuilt",
        "type": "github"
      }
    },
    "nixpkgs": {
      "locked": {
        "lastModified": 1787209939,
        "narHash": "sha256-WvvHR4kSQLAbtouMC/ruZ5UpLwlUcY3K4FAllMN+yGk=",
        "owner": "NixOS",
        "repo": "nixpkgs",
        "rev": "391b592eb44808b3bd0cb80bb71b63a5a118b8bb",
        "type": "github"
      },
      "original": {
        "owner": "NixOS",
        "ref": "nixpkgs-unstable",
        "repo": "nixpkgs",
        "type": "github"
      }
    },
    "nixpkgs_2": {
      "locked": {
        "lastModified": 1787360063,
        "narHash": "sha256-dt4WdcvsA8/RCe+VZZwqU0X+XMM3wBbGCWA0/sFWzGo=",
        "owner": "NixOS",
        "repo": "nixpkgs",
        "rev": "2c423e03bbafcff28bfadc6781a4a8257f205cb5",
        "type": "github"
      },
      "original": {
        "owner": "NixOS",
        "ref": "nixos-unstable",
        "repo": "nixpkgs",
        "type": "github"
      }
    },
    "root": {
      "inputs": {
        "grok-build": "grok-build",
        "gw": "gw",
        "home-manager": "home-manager",
        "llm-agents": "llm-agents",
        "nix-darwin": "nix-darwin",
        "nixpkgs": "nixpkgs_2",
        "shpell": "shpell"
      }
    },
    "shpell": {
      "inputs": {
        "nix-rust-prebuilt": "nix-rust-prebuilt_3",
        "nixpkgs": [
          "nixpkgs"
        ]
      },
      "locked": {
        "lastModified": 1787221512,
        "narHash": "sha256-OvS04QOYmJ25nE15Y0dsD9YrWP9R0sfoyOu+eWa8pL0=",
        "owner": "yangtau",
        "repo": "shpell",
        "rev": "2d7c51ede84aced9e949b557dd6e43e4b8b4534f",
        "type": "github"
      },
      "original": {
        "owner": "yangtau",
        "repo": "shpell",
        "type": "github"
      }
    },
    "systems": {
      "locked": {
        "lastModified": 1681028828,
        "narHash": "sha256-Vy1rq5AaRuLzOxct8nz4T6wlgyUR7zLU309k9mBC768=",
        "owner": "nix-systems",
        "repo": "default",
        "rev": "da67096a3b9bf56a91d16901293e51ba5b49a27e",
        "type": "github"
      },
      "original": {
        "owner": "nix-systems",
        "repo": "default",
        "type": "github"
      }
    },
    "treefmt-nix": {
      "inputs": {
        "nixpkgs": [
          "llm-agents",
          "nixpkgs"
        ]
      },
      "locked": {
        "lastModified": 1786901030,
        "narHash": "sha256-WSFCsDSE5ffgD2MqzkM2CYjeFiKhRF/dJUN8uedb6YE=",
        "owner": "numtide",
        "repo": "treefmt-nix",
        "rev": "27b3b12a8e6375f28ebe122f07d230ca5459bbfa",
        "type": "github"
      },
      "original": {
        "owner": "numtide",
        "repo": "treefmt-nix",
        "type": "github"
      }
    }
  },
  "root": "root",
  "version": 7
}
