{
  "nodes": {
    "bun2nix": {
      "inputs": {
        "flake-parts": [
          "llm-agents",
          "flake-parts"
        ],
        "nixpkgs": [
          "llm-agents",
          "nixpkgs"
        ],
        "systems": [
          "llm-agents",
          "systems"
        ],
        "treefmt-nix": [
          "llm-agents",
          "treefmt-nix"
        ]
      },
      "locked": {
        "lastModified": 1784665499,
        "narHash": "sha256-9BMxlTxCCDAeoNLtb1a/st7udtTIJep+wpUzquA29VU=",
        "owner": "nix-community",
        "repo": "bun2nix",
        "rev": "0f2a1f0b6f42cebe3b149bf62d38754c5e0e9729",
        "type": "github"
      },
      "original": {
        "owner": "nix-community",
        "repo": "bun2nix",
        "type": "github"
      }
    },
    "flake-parts": {
      "inputs": {
        "nixpkgs-lib": [
          "llm-agents",
          "nixpkgs"
        ]
      },
      "locked": {
        "lastModified": 1785627969,
        "narHash": "sha256-4dtXQk/NMePegK/nWp5NSeuZKLATItOq61lpEvmXqGw=",
        "owner": "hercules-ci",
        "repo": "flake-parts",
        "rev": "427bf4bd9435fdf21321c8cc628c24efc14c0f7a",
        "type": "github"
      },
      "original": {
        "owner": "hercules-ci",
        "repo": "flake-parts",
        "type": "github"
      }
    },
    "grok-build": {
      "inputs": {
        "nix-rust-prebuilt": "nix-rust-prebuilt",
        "nixpkgs": [
          "nixpkgs"
        ]
      },
      "locked": {
        "lastModified": 1786974444,
        "narHash": "sha256-5Hqxq+Hl0bGb7EWRP6CaHphI7zjt+1oljCOWwdqnLIs=",
        "owner": "yangtau",
        "repo": "grok-build",
        "rev": "bd8b181a4c9251622249520553714c9c782a0be7",
        "type": "github"
      },
      "original": {
        "owner": "yangtau",
        "repo": "grok-build",
        "type": "github"
      }
    },
    "gw": {
      "inputs": {
        "nix-rust-prebuilt": "nix-rust-prebuilt_2",
        "nixpkgs": [
          "nixpkgs"
        ]
      },
      "locked": {
        "lastModified": 1786970758,
        "narHash": "sha256-Ks5+mdfCdNx58I1s9QS4MXWgZutF3xqZDIE0oTXH5DM=",
        "owner": "yangtau",
        "repo": "gw",
        "rev": "aee7ffc384f45255aec4ba706d1da07f37b590a3",
        "type": "github"
      },
      "original": {
        "owner": "yangtau",
        "repo": "gw",
        "type": "github"
      }
    },
    "home-manager": {
      "inputs": {
        "nixpkgs": [
          "nixpkgs"
        ]
      },
      "locked": {
        "lastModified": 1786929086,
        "narHash": "sha256-kzpwMyT7i2fTQ41tf/WlsIHuJtf3e0leRBEPkBhUzBY=",
        "owner": "nix-community",
        "repo": "home-manager",
        "rev": "aac4965ddb7ea2ff0f3cadd9502c7042b7aa07ba",
        "type": "github"
      },
      "original": {
        "owner": "nix-community",
        "repo": "home-manager",
        "type": "github"
      }
    },
    "llm-agents": {
      "inputs": {
        "bun2nix": "bun2nix",
        "flake-parts": "flake-parts",
        "nixpkgs": "nixpkgs",
        "systems": "systems",
        "treefmt-nix": "treefmt-nix"
      },
      "locked": {
        "lastModified": 1786964176,
        "narHash": "sha256-BNtrQ5uKGpflO+hUF19xXIohmiutflQZLjaksHlG4H0=",
        "owner": "numtide",
        "repo": "llm-agents.nix",
        "rev": "5b3a7eff4326cb9001a79938a53e2fc8662d38c2",
        "type": "github"
      },
      "original": {
        "owner": "numtide",
        "repo": "llm-agents.nix",
        "type": "github"
      }
    },
    "nix-darwin": {
      "inputs": {
        "nixpkgs": [
          "nixpkgs"
        ]
      },
      "locked": {
        "lastModified": 1786845137,
        "narHash": "sha256-oQFip+v0luP8NIxJzmiW4Wu8bILsbFWom5l0zonl8hQ=",
        "owner": "LnL7",
        "repo": "nix-darwin",
        "rev": "4cff07de74b50e64bdd68cd4e722ab5b6b35ee48",
        "type": "github"
      },
      "original": {
        "owner": "LnL7",
        "repo": "nix-darwin",
        "type": "github"
      }
    },
    "nix-rust-prebuilt": {
      "locked": {
        "lastModified": 1786970574,
        "narHash": "sha256-WyMev0ZkZXZp6yToFu3RkyhcDaq+6pmb/PRe/wcP2/U=",
        "owner": "yangtau",
        "repo": "nix-rust-prebuilt",
        "rev": "3719898054bdfc253859b16c063a80f933683c89",
        "type": "github"
      },
      "original": {
        "owner": "yangtau",
        "repo": "nix-rust-prebuilt",
        "type": "github"
      }
    },
    "nix-rust-prebuilt_2": {
      "locked": {
        "lastModified": 1786970574,
        "narHash": "sha256-WyMev0ZkZXZp6yToFu3RkyhcDaq+6pmb/PRe/wcP2/U=",
        "owner": "yangtau",
        "repo": "nix-rust-prebuilt",
        "rev": "3719898054bdfc253859b16c063a80f933683c89",
        "type": "github"
      },
      "original": {
        "owner": "yangtau",
        "repo": "nix-rust-prebuilt",
        "type": "github"
      }
    },
    "nix-rust-prebuilt_3": {
      "locked": {
        "lastModified": 1786970574,
        "narHash": "sha256-WyMev0ZkZXZp6yToFu3RkyhcDaq+6pmb/PRe/wcP2/U=",
        "owner": "yangtau",
        "repo": "nix-rust-prebuilt",
        "rev": "3719898054bdfc253859b16c063a80f933683c89",
        "type": "github"
      },
      "original": {
        "owner": "yangtau",
        "repo": "nix-rust-prebuilt",
        "type": "github"
      }
    },
    "nixpkgs": {
      "locked": {
        "lastModified": 1786719841,
        "narHash": "sha256-QcpQOT0NQEFkI77t+YXPZqDJc35iIodG7zinieOwFUg=",
        "owner": "NixOS",
        "repo": "nixpkgs",
        "rev": "8be7bd0c83f12e2e3bbba07c9044d6fed9e66f7f",
        "type": "github"
      },
      "original": {
        "owner": "NixOS",
        "ref": "nixpkgs-unstable",
        "repo": "nixpkgs",
        "type": "github"
      }
    },
    "nixpkgs_2": {
      "locked": {
        "lastModified": 1786862985,
        "narHash": "sha256-FBJRXmbGXiSUDvYEbfLYRkckayyZ6SK1UEqhCrIZ2Cs=",
        "owner": "NixOS",
        "repo": "nixpkgs",
        "rev": "e5bdc4a41d4c072fe1e3787eaa0320a384741d44",
        "type": "github"
      },
      "original": {
        "owner": "NixOS",
        "ref": "nixos-unstable",
        "repo": "nixpkgs",
        "type": "github"
      }
    },
    "root": {
      "inputs": {
        "grok-build": "grok-build",
        "gw": "gw",
        "home-manager": "home-manager",
        "llm-agents": "llm-agents",
        "nix-darwin": "nix-darwin",
        "nixpkgs": "nixpkgs_2",
        "shpell": "shpell"
      }
    },
    "shpell": {
      "inputs": {
        "nix-rust-prebuilt": "nix-rust-prebuilt_3",
        "nixpkgs": [
          "nixpkgs"
        ]
      },
      "locked": {
        "lastModified": 1786970758,
        "narHash": "sha256-CGk5UxaraE9REZBwK4NDrBA8x+Kjue1DUWiPqqHMvJs=",
        "owner": "yangtau",
        "repo": "shpell",
        "rev": "7540bdf14f4ab4cb66e6a18b0537b54e8e323cc8",
        "type": "github"
      },
      "original": {
        "owner": "yangtau",
        "repo": "shpell",
        "type": "github"
      }
    },
    "systems": {
      "locked": {
        "lastModified": 1681028828,
        "narHash": "sha256-Vy1rq5AaRuLzOxct8nz4T6wlgyUR7zLU309k9mBC768=",
        "owner": "nix-systems",
        "repo": "default",
        "rev": "da67096a3b9bf56a91d16901293e51ba5b49a27e",
        "type": "github"
      },
      "original": {
        "owner": "nix-systems",
        "repo": "default",
        "type": "github"
      }
    },
    "treefmt-nix": {
      "inputs": {
        "nixpkgs": [
          "llm-agents",
          "nixpkgs"
        ]
      },
      "locked": {
        "lastModified": 1786901030,
        "narHash": "sha256-WSFCsDSE5ffgD2MqzkM2CYjeFiKhRF/dJUN8uedb6YE=",
        "owner": "numtide",
        "repo": "treefmt-nix",
        "rev": "27b3b12a8e6375f28ebe122f07d230ca5459bbfa",
        "type": "github"
      },
      "original": {
        "owner": "numtide",
        "repo": "treefmt-nix",
        "type": "github"
      }
    }
  },
  "root": "root",
  "version": 7
}
