{
  "nodes": {
    "emilkowalski-skills": {
      "flake": false,
      "locked": {
        "lastModified": 1782904851,
        "narHash": "sha256-O2gkhe/REQMFS5Hi8D8gUPvcjNfnG8aXpGbjx82gEec=",
        "owner": "emilkowalski",
        "repo": "skills",
        "rev": "1274a0584c4fe9e94304a4e29094cefe5eb51dbe",
        "type": "github"
      },
      "original": {
        "owner": "emilkowalski",
        "repo": "skills",
        "type": "github"
      }
    },
    "lark-cli": {
      "flake": false,
      "locked": {
        "lastModified": 1783415548,
        "narHash": "sha256-h1BwOWB9a1xegy3Zh2ayJMJnsF6+sS+NqV7/fEF1bl0=",
        "owner": "larksuite",
        "repo": "cli",
        "rev": "40ea4d60efa5e4d9283115106f54b241cd56d8a8",
        "type": "github"
      },
      "original": {
        "owner": "larksuite",
        "repo": "cli",
        "type": "github"
      }
    },
    "mattpocock-skills": {
      "flake": false,
      "locked": {
        "lastModified": 1783342884,
        "narHash": "sha256-enlQpsahLZZhRfqPoaT0/92aiSZSmX+Xvs/1jXYgCcQ=",
        "owner": "mattpocock",
        "repo": "skills",
        "rev": "16a2a5cd00b4416f673f4ff38c7971a04dd708e7",
        "type": "github"
      },
      "original": {
        "owner": "mattpocock",
        "repo": "skills",
        "type": "github"
      }
    },
    "nixpkgs": {
      "locked": {
        "lastModified": 1783224372,
        "narHash": "sha256-8i/87eeoqiGE4yOTjwSA3Eh/ziJRQEmd/unYU+K27sk=",
        "owner": "NixOS",
        "repo": "nixpkgs",
        "rev": "d407951447dcd00442e97087bf374aad70c04cea",
        "type": "github"
      },
      "original": {
        "owner": "NixOS",
        "ref": "nixos-unstable",
        "repo": "nixpkgs",
        "type": "github"
      }
    },
    "root": {
      "inputs": {
        "emilkowalski-skills": "emilkowalski-skills",
        "lark-cli": "lark-cli",
        "mattpocock-skills": "mattpocock-skills",
        "nixpkgs": "nixpkgs",
        "smux": "smux"
      }
    },
    "smux": {
      "flake": false,
      "locked": {
        "lastModified": 1777658259,
        "narHash": "sha256-YQGrxf+f+H0KObgOQH12ITAoRLvkzdy7PBs2Ne02wcQ=",
        "owner": "ShawnPana",
        "repo": "smux",
        "rev": "70a6899bdec5d3d3b51d9b927c0c0db0e22bb73f",
        "type": "github"
      },
      "original": {
        "owner": "ShawnPana",
        "repo": "smux",
        "type": "github"
      }
    }
  },
  "root": "root",
  "version": 7
}
